Microsoft Visual Studio Solution File, Format Version 12.00
# Visual Studio Version 18
VisualStudioVersion = 18.4.11605.240
MinimumVisualStudioVersion = 10.0.40219.1
Project("{2150E333-8FDC-42A3-9474-1A3956D46DE8}") = "src", "src", "{02EA681E-C7D8-13C7-8484-4AC65E1B71E8}"
EndProject
Project("{2150E333-8FDC-42A3-9474-1A3956D46DE8}") = "test", "test", "{8210E692-BD0F-459F-BD2F-4A4A797825DB}"
EndProject
Project("{2150E333-8FDC-42A3-9474-1A3956D46DE8}") = "Solution Items", "Solution Items", "{8EC462FD-D22E-90A8-E5CE-7E832BA40C5D}"
	ProjectSection(SolutionItems) = preProject
		LICENSE = LICENSE
		publish-self-contained.ps1 = publish-self-contained.ps1
		README.md = README.md
	EndProjectSection
EndProject
Project("{FAE04EC0-301F-11D3-BF4B-00C04F79EFBC}") = "Aurelia2.DotNet.Web.Api", "src\Aurelia2.DotNet.Web.Api\Aurelia2.DotNet.Web.Api.csproj", "{42C68992-EE00-4A88-A42E-FC333F82121F}"
EndProject
Project("{E24C65DC-7377-472B-9ABA-BC803B73C61A}") = "client", "src\client\", "{30F1B579-C1FF-32DF-DCE6-F801A05225AC}"
	ProjectSection(WebsiteProperties) = preProject
		TargetFrameworkMoniker = ".NETFramework,Version%3Dv4.8"
		Debug.AspNetCompiler.VirtualPath = "/localhost_50250"
		Debug.AspNetCompiler.PhysicalPath = "src\client\"
		Debug.AspNetCompiler.TargetPath = "PrecompiledWeb\localhost_50250\"
		Debug.AspNetCompiler.Updateable = "true"
		Debug.AspNetCompiler.ForceOverwrite = "true"
		Debug.AspNetCompiler.FixedNames = "false"
		Debug.AspNetCompiler.Debug = "True"
		Release.AspNetCompiler.VirtualPath = "/localhost_50250"
		Release.AspNetCompiler.PhysicalPath = "src\client\"
		Release.AspNetCompiler.TargetPath = "PrecompiledWeb\localhost_50250\"
		Release.AspNetCompiler.Updateable = "true"
		Release.AspNetCompiler.ForceOverwrite = "true"
		Release.AspNetCompiler.FixedNames = "false"
		Release.AspNetCompiler.Debug = "False"
		VWDPort = "50250"
		SlnRelativePath = "src\client\"
	EndProjectSection
EndProject
Global
	GlobalSection(SolutionConfigurationPlatforms) = preSolution
		Debug|Any CPU = Debug|Any CPU
		Release|Any CPU = Release|Any CPU
	EndGlobalSection
	GlobalSection(ProjectConfigurationPlatforms) = postSolution
		{42C68992-EE00-4A88-A42E-FC333F82121F}.Debug|Any CPU.ActiveCfg = Debug|Any CPU
		{42C68992-EE00-4A88-A42E-FC333F82121F}.Debug|Any CPU.Build.0 = Debug|Any CPU
		{42C68992-EE00-4A88-A42E-FC333F82121F}.Release|Any CPU.ActiveCfg = Release|Any CPU
		{42C68992-EE00-4A88-A42E-FC333F82121F}.Release|Any CPU.Build.0 = Release|Any CPU
		{30F1B579-C1FF-32DF-DCE6-F801A05225AC}.Debug|Any CPU.ActiveCfg = Debug|Any CPU
		{30F1B579-C1FF-32DF-DCE6-F801A05225AC}.Debug|Any CPU.Build.0 = Debug|Any CPU
		{30F1B579-C1FF-32DF-DCE6-F801A05225AC}.Release|Any CPU.ActiveCfg = Debug|Any CPU
		{30F1B579-C1FF-32DF-DCE6-F801A05225AC}.Release|Any CPU.Build.0 = Debug|Any CPU
	EndGlobalSection
	GlobalSection(SolutionProperties) = preSolution
		HideSolutionNode = FALSE
	EndGlobalSection
	GlobalSection(NestedProjects) = preSolution
		{42C68992-EE00-4A88-A42E-FC333F82121F} = {02EA681E-C7D8-13C7-8484-4AC65E1B71E8}
		{30F1B579-C1FF-32DF-DCE6-F801A05225AC} = {02EA681E-C7D8-13C7-8484-4AC65E1B71E8}
	EndGlobalSection
	GlobalSection(ExtensibilityGlobals) = postSolution
		SolutionGuid = {F2ADBF48-8E72-477C-9B45-51B8266D95C5}
	EndGlobalSection
EndGlobal
